
Microsoft Visual Studio Solution File, Format Version 12.00
# Visual Studio 2012
Project("{FAE04EC0-301F-11D3-BF4B-00C04F79EFBC}") = "ZeroconfDotNet", "ZeroconfDotNet.csproj", "{5C1F003B-65E0-4933-A93A-CD552D64AC93}"
EndProject
Project("{FAE04EC0-301F-11D3-BF4B-00C04F79EFBC}") = "ZeroconfServiceTests", "..\ZeroconfServiceTests\ZeroconfServiceTests.csproj", "{43A47612-EA80-42A4-8FC0-10786F446BE4}"
EndProject
Global
	GlobalSection(SolutionConfigurationPlatforms) = preSolution
		Debug|Any CPU = Debug|Any CPU
		Release|Any CPU = Release|Any CPU
	EndGlobalSection
	GlobalSection(ProjectConfigurationPlatforms) = postSolution
		{5C1F003B-65E0-4933-A93A-CD552D64AC93}.Debug|Any CPU.ActiveCfg = Debug|Any CPU
		{5C1F003B-65E0-4933-A93A-CD552D64AC93}.Debug|Any CPU.Build.0 = Debug|Any CPU
		{5C1F003B-65E0-4933-A93A-CD552D64AC93}.Release|Any CPU.ActiveCfg = Release|Any CPU
		{5C1F003B-65E0-4933-A93A-CD552D64AC93}.Release|Any CPU.Build.0 = Release|Any CPU
		{43A47612-EA80-42A4-8FC0-10786F446BE4}.Debug|Any CPU.ActiveCfg = Debug|Any CPU
		{43A47612-EA80-42A4-8FC0-10786F446BE4}.Debug|Any CPU.Build.0 = Debug|Any CPU
		{43A47612-EA80-42A4-8FC0-10786F446BE4}.Release|Any CPU.ActiveCfg = Release|Any CPU
		{43A47612-EA80-42A4-8FC0-10786F446BE4}.Release|Any CPU.Build.0 = Release|Any CPU
	EndGlobalSection
	GlobalSection(SolutionProperties) = preSolution
		HideSolutionNode = FALSE
	EndGlobalSection
EndGlobal
